
Microsoft Visual Studio Solution File, Format Version 12.00
# Visual Studio Version 17
VisualStudioVersion = 17.3.32804.467
MinimumVisualStudioVersion = 10.0.40219.1
Project("{2150E333-8FDC-42A3-9474-1A3956D46DE8}") = "src", "src", "{4E987BDD-C372-4FAA-8CF5-06671F12AD45}"
EndProject
Project("{2150E333-8FDC-42A3-9474-1A3956D46DE8}") = "AioCore.Hosted", "AioCore.Hosted", "{5A7F7586-D3B8-4621-B463-08675551ECB6}"
EndProject
Project("{9A19103F-16F7-4668-BE54-9A1E7A4F7556}") = "AioCore.Domain", "src\AioCore.Domain\AioCore.Domain.csproj", "{50F51416-5B5A-42DD-846F-7175CBCFD5CD}"
EndProject
Project("{9A19103F-16F7-4668-BE54-9A1E7A4F7556}") = "AioCore.Services", "src\AioCore.Services\AioCore.Services.csproj", "{07A4DC4D-EF9C-410F-AD08-8BF5B6897894}"
EndProject
Project("{9A19103F-16F7-4668-BE54-9A1E7A4F7556}") = "AioCore.Shared", "src\AioCore.Shared\AioCore.Shared.csproj", "{85DA2DBB-89FA-4335-BDB3-5F1AC7A4A14B}"
EndProject
Project("{9A19103F-16F7-4668-BE54-9A1E7A4F7556}") = "AioCore.Application", "src\AioCore.Application\AioCore.Application.csproj", "{C54DA44D-2071-4C95-BB08-FB862498333B}"
EndProject
Project("{9A19103F-16F7-4668-BE54-9A1E7A4F7556}") = "AioCore.APIs", "src\AioCore.Hosted\AioCore.APIs\AioCore.APIs.csproj", "{2BD9CDC7-9354-4C08-99C6-EEC6F5F16ACB}"
EndProject
Project("{9A19103F-16F7-4668-BE54-9A1E7A4F7556}") = "AioCore.Web", "src\AioCore.Hosted\AioCore.Web\AioCore.Web.csproj", "{E528D9FD-7894-4CD5-A86E-F7F27491CEF5}"
EndProject
Project("{FAE04EC0-301F-11D3-BF4B-00C04F79EFBC}") = "AioCore.Types", "src\AioCore.Types\AioCore.Types.csproj", "{D8CF75F2-8D63-4D24-BA7B-739771439CE5}"
EndProject
Project("{FAE04EC0-301F-11D3-BF4B-00C04F79EFBC}") = "AioCore.Phone", "src\AioCore.Hosted\AioCore.Phone\AioCore.Phone.csproj", "{AB244813-EE48-4A88-A675-2F9220F32CD7}"
EndProject
Global
	GlobalSection(SolutionConfigurationPlatforms) = preSolution
		Debug|Any CPU = Debug|Any CPU
		Release|Any CPU = Release|Any CPU
	EndGlobalSection
	GlobalSection(ProjectConfigurationPlatforms) = postSolution
		{50F51416-5B5A-42DD-846F-7175CBCFD5CD}.Debug|Any CPU.ActiveCfg = Debug|Any CPU
		{50F51416-5B5A-42DD-846F-7175CBCFD5CD}.Debug|Any CPU.Build.0 = Debug|Any CPU
		{50F51416-5B5A-42DD-846F-7175CBCFD5CD}.Release|Any CPU.ActiveCfg = Release|Any CPU
		{50F51416-5B5A-42DD-846F-7175CBCFD5CD}.Release|Any CPU.Build.0 = Release|Any CPU
		{07A4DC4D-EF9C-410F-AD08-8BF5B6897894}.Debug|Any CPU.ActiveCfg = Debug|Any CPU
		{07A4DC4D-EF9C-410F-AD08-8BF5B6897894}.Debug|Any CPU.Build.0 = Debug|Any CPU
		{07A4DC4D-EF9C-410F-AD08-8BF5B6897894}.Release|Any CPU.ActiveCfg = Release|Any CPU
		{07A4DC4D-EF9C-410F-AD08-8BF5B6897894}.Release|Any CPU.Build.0 = Release|Any CPU
		{85DA2DBB-89FA-4335-BDB3-5F1AC7A4A14B}.Debug|Any CPU.ActiveCfg = Debug|Any CPU
		{85DA2DBB-89FA-4335-BDB3-5F1AC7A4A14B}.Debug|Any CPU.Build.0 = Debug|Any CPU
		{85DA2DBB-89FA-4335-BDB3-5F1AC7A4A14B}.Release|Any CPU.ActiveCfg = Release|Any CPU
		{85DA2DBB-89FA-4335-BDB3-5F1AC7A4A14B}.Release|Any CPU.Build.0 = Release|Any CPU
		{C54DA44D-2071-4C95-BB08-FB862498333B}.Debug|Any CPU.ActiveCfg = Debug|Any CPU
		{C54DA44D-2071-4C95-BB08-FB862498333B}.Debug|Any CPU.Build.0 = Debug|Any CPU
		{C54DA44D-2071-4C95-BB08-FB862498333B}.Release|Any CPU.ActiveCfg = Release|Any CPU
		{C54DA44D-2071-4C95-BB08-FB862498333B}.Release|Any CPU.Build.0 = Release|Any CPU
		{2BD9CDC7-9354-4C08-99C6-EEC6F5F16ACB}.Debug|Any CPU.ActiveCfg = Debug|Any CPU
		{2BD9CDC7-9354-4C08-99C6-EEC6F5F16ACB}.Debug|Any CPU.Build.0 = Debug|Any CPU
		{2BD9CDC7-9354-4C08-99C6-EEC6F5F16ACB}.Release|Any CPU.ActiveCfg = Release|Any CPU
		{2BD9CDC7-9354-4C08-99C6-EEC6F5F16ACB}.Release|Any CPU.Build.0 = Release|Any CPU
		{E528D9FD-7894-4CD5-A86E-F7F27491CEF5}.Debug|Any CPU.ActiveCfg = Debug|Any CPU
		{E528D9FD-7894-4CD5-A86E-F7F27491CEF5}.Debug|Any CPU.Build.0 = Debug|Any CPU
		{E528D9FD-7894-4CD5-A86E-F7F27491CEF5}.Release|Any CPU.ActiveCfg = Release|Any CPU
		{E528D9FD-7894-4CD5-A86E-F7F27491CEF5}.Release|Any CPU.Build.0 = Release|Any CPU
		{D8CF75F2-8D63-4D24-BA7B-739771439CE5}.Debug|Any CPU.ActiveCfg = Debug|Any CPU
		{D8CF75F2-8D63-4D24-BA7B-739771439CE5}.Debug|Any CPU.Build.0 = Debug|Any CPU
		{D8CF75F2-8D63-4D24-BA7B-739771439CE5}.Release|Any CPU.ActiveCfg = Release|Any CPU
		{D8CF75F2-8D63-4D24-BA7B-739771439CE5}.Release|Any CPU.Build.0 = Release|Any CPU
		{AB244813-EE48-4A88-A675-2F9220F32CD7}.Debug|Any CPU.ActiveCfg = Debug|Any CPU
		{AB244813-EE48-4A88-A675-2F9220F32CD7}.Debug|Any CPU.Build.0 = Debug|Any CPU
		{AB244813-EE48-4A88-A675-2F9220F32CD7}.Release|Any CPU.ActiveCfg = Release|Any CPU
		{AB244813-EE48-4A88-A675-2F9220F32CD7}.Release|Any CPU.Build.0 = Release|Any CPU
	EndGlobalSection
	GlobalSection(SolutionProperties) = preSolution
		HideSolutionNode = FALSE
	EndGlobalSection
	GlobalSection(NestedProjects) = preSolution
		{5A7F7586-D3B8-4621-B463-08675551ECB6} = {4E987BDD-C372-4FAA-8CF5-06671F12AD45}
		{50F51416-5B5A-42DD-846F-7175CBCFD5CD} = {4E987BDD-C372-4FAA-8CF5-06671F12AD45}
		{07A4DC4D-EF9C-410F-AD08-8BF5B6897894} = {4E987BDD-C372-4FAA-8CF5-06671F12AD45}
		{85DA2DBB-89FA-4335-BDB3-5F1AC7A4A14B} = {4E987BDD-C372-4FAA-8CF5-06671F12AD45}
		{C54DA44D-2071-4C95-BB08-FB862498333B} = {4E987BDD-C372-4FAA-8CF5-06671F12AD45}
		{2BD9CDC7-9354-4C08-99C6-EEC6F5F16ACB} = {5A7F7586-D3B8-4621-B463-08675551ECB6}
		{E528D9FD-7894-4CD5-A86E-F7F27491CEF5} = {5A7F7586-D3B8-4621-B463-08675551ECB6}
		{D8CF75F2-8D63-4D24-BA7B-739771439CE5} = {4E987BDD-C372-4FAA-8CF5-06671F12AD45}
		{AB244813-EE48-4A88-A675-2F9220F32CD7} = {5A7F7586-D3B8-4621-B463-08675551ECB6}
	EndGlobalSection
	GlobalSection(ExtensibilityGlobals) = postSolution
		SolutionGuid = {3571D808-4B46-4ADB-8387-6F0AD769DDEC}
	EndGlobalSection
EndGlobal
